
Microsoft Visual Studio Solution File, Format Version 12.00
# Visual Studio Version 17
VisualStudioVersion = 17.5.33502.453
MinimumVisualStudioVersion = 10.0.40219.1
Project("{FAE04EC0-301F-11D3-BF4B-00C04F79EFBC}") = "MVC Mediator Pattern", "MVC Mediator Pattern\MVC Mediator Pattern.csproj", "{77B689A4-7DBF-42AF-A7B3-95DE3EDAEC22}"
EndProject
Global
	GlobalSection(SolutionConfigurationPlatforms) = preSolution
		Debug|Any CPU = Debug|Any CPU
		Release|Any CPU = Release|Any CPU
	EndGlobalSection
	GlobalSection(ProjectConfigurationPlatforms) = postSolution
		{77B689A4-7DBF-42AF-A7B3-95DE3EDAEC22}.Debug|Any CPU.ActiveCfg = Debug|Any CPU
		{77B689A4-7DBF-42AF-A7B3-95DE3EDAEC22}.Debug|Any CPU.Build.0 = Debug|Any CPU
		{77B689A4-7DBF-42AF-A7B3-95DE3EDAEC22}.Release|Any CPU.ActiveCfg = Release|Any CPU
		{77B689A4-7DBF-42AF-A7B3-95DE3EDAEC22}.Release|Any CPU.Build.0 = Release|Any CPU
	EndGlobalSection
	GlobalSection(SolutionProperties) = preSolution
		HideSolutionNode = FALSE
	EndGlobalSection
	GlobalSection(ExtensibilityGlobals) = postSolution
		SolutionGuid = {556F67BC-2656-48B0-BEB1-2FA37A5949B1}
	EndGlobalSection
EndGlobal
